
Microsoft Visual Studio Solution File, Format Version 12.00
# Visual Studio 15
VisualStudioVersion = 15.0.28307.271
MinimumVisualStudioVersion = 10.0.40219.1
Project("{FAE04EC0-301F-11D3-BF4B-00C04F79EFBC}") = "Homework2", "Homework2\Homework2.csproj", "{5CC2FC23-BA54-4BEF-B82D-C0048F34CE23}"
EndProject
Global
	GlobalSection(SolutionConfigurationPlatforms) = preSolution
		Debug|Any CPU = Debug|Any CPU
		Release|Any CPU = Release|Any CPU
	EndGlobalSection
	GlobalSection(ProjectConfigurationPlatforms) = postSolution
		{5CC2FC23-BA54-4BEF-B82D-C0048F34CE23}.Debug|Any CPU.ActiveCfg = Debug|Any CPU
		{5CC2FC23-BA54-4BEF-B82D-C0048F34CE23}.Debug|Any CPU.Build.0 = Debug|Any CPU
		{5CC2FC23-BA54-4BEF-B82D-C0048F34CE23}.Release|Any CPU.ActiveCfg = Release|Any CPU
		{5CC2FC23-BA54-4BEF-B82D-C0048F34CE23}.Release|Any CPU.Build.0 = Release|Any CPU
	EndGlobalSection
	GlobalSection(SolutionProperties) = preSolution
		HideSolutionNode = FALSE
	EndGlobalSection
	GlobalSection(ExtensibilityGlobals) = postSolution
		SolutionGuid = {AD691FAC-03C5-4CFC-9227-A09757344853}
	EndGlobalSection
EndGlobal
