
Microsoft Visual Studio Solution File, Format Version 12.00
# Visual Studio 15
VisualStudioVersion = 15.0.28307.271
MinimumVisualStudioVersion = 10.0.40219.1
Project("{FAE04EC0-301F-11D3-BF4B-00C04F79EFBC}") = "Homework6", "Homework6\Homework6.csproj", "{3895EE35-5D9A-4B2D-8BC0-FA9C37D04743}"
EndProject
Project("{FAE04EC0-301F-11D3-BF4B-00C04F79EFBC}") = "Homework6Tests", "Homework6Tests\Homework6Tests.csproj", "{D1965EF2-061F-442C-82EA-031612DD2B5A}"
EndProject
Global
	GlobalSection(SolutionConfigurationPlatforms) = preSolution
		Debug|Any CPU = Debug|Any CPU
		Release|Any CPU = Release|Any CPU
	EndGlobalSection
	GlobalSection(ProjectConfigurationPlatforms) = postSolution
		{3895EE35-5D9A-4B2D-8BC0-FA9C37D04743}.Debug|Any CPU.ActiveCfg = Debug|Any CPU
		{3895EE35-5D9A-4B2D-8BC0-FA9C37D04743}.Debug|Any CPU.Build.0 = Debug|Any CPU
		{3895EE35-5D9A-4B2D-8BC0-FA9C37D04743}.Release|Any CPU.ActiveCfg = Release|Any CPU
		{3895EE35-5D9A-4B2D-8BC0-FA9C37D04743}.Release|Any CPU.Build.0 = Release|Any CPU
		{D1965EF2-061F-442C-82EA-031612DD2B5A}.Debug|Any CPU.ActiveCfg = Debug|Any CPU
		{D1965EF2-061F-442C-82EA-031612DD2B5A}.Debug|Any CPU.Build.0 = Debug|Any CPU
		{D1965EF2-061F-442C-82EA-031612DD2B5A}.Release|Any CPU.ActiveCfg = Release|Any CPU
		{D1965EF2-061F-442C-82EA-031612DD2B5A}.Release|Any CPU.Build.0 = Release|Any CPU
	EndGlobalSection
	GlobalSection(SolutionProperties) = preSolution
		HideSolutionNode = FALSE
	EndGlobalSection
	GlobalSection(ExtensibilityGlobals) = postSolution
		SolutionGuid = {62541802-B681-4C1E-BEAB-A3A1D3E810FA}
	EndGlobalSection
EndGlobal
